
Microsoft Visual Studio Solution File, Format Version 12.00
# Visual Studio 15
VisualStudioVersion = 15.0.26430.6
MinimumVisualStudioVersion = 10.0.40219.1
Project("{A07B5EB6-E848-4116-A8D0-A826331D98C6}") = "AwasthiSM.__NAME__", "AwasthiSM.__NAME__\AwasthiSM.__NAME__.sfproj", "{51DF2C58-2E0F-4CEA-80A0-7A19BAE5EA4B}"
EndProject
Project("{9A19103F-16F7-4668-BE54-9A1E7A4F7556}") = "__NAME__", "__NAME__\__NAME__.csproj", "{E6C7EC56-BB98-439D-9920-890FF50FB35E}"
EndProject
Project("{2150E333-8FDC-42A3-9474-1A3956D46DE8}") = "src", "src", "{26B6C6EE-1E63-4991-8C9B-A92A19B55B94}"
EndProject
Project("{FAE04EC0-301F-11D3-BF4B-00C04F79EFBC}") = "AwasthiSM.CommandProcessor", "AwasthiSM.CommandProcessor\AwasthiSM.CommandProcessor.csproj", "{955FD94A-BBC1-4469-889A-740FB98338DE}"
EndProject
Project("{FAE04EC0-301F-11D3-BF4B-00C04F79EFBC}") = "AwasthiSM.Core", "AwasthiSM.Core\AwasthiSM.Core.csproj", "{A8C4FE5A-398A-4A42-B7E4-A9294455F820}"
EndProject
Project("{FAE04EC0-301F-11D3-BF4B-00C04F79EFBC}") = "AwasthiSM.Domain.Command", "AwasthiSM.Domain.Command\AwasthiSM.Domain.Command.csproj", "{863F5DAE-EDBE-4C7F-ADDF-530BAC5EDAEB}"
EndProject
Project("{FAE04EC0-301F-11D3-BF4B-00C04F79EFBC}") = "AwasthiSM.Domain.Handler", "AwasthiSM.Domain.Handler\AwasthiSM.Domain.Handler.csproj", "{EA56C90C-307C-4C53-B7BB-9C4A6658BCC4}"
EndProject
Project("{FAE04EC0-301F-11D3-BF4B-00C04F79EFBC}") = "AwasthiSM.Domain.Query", "AwasthiSM.Domain.Query\AwasthiSM.Domain.Query.csproj", "{B40A848B-6708-45A6-8353-CCE9623FB7D3}"
EndProject
Project("{FAE04EC0-301F-11D3-BF4B-00C04F79EFBC}") = "AwasthiSM.Model", "AwasthiSM.Model\AwasthiSM.Model.csproj", "{520233DA-F1FA-4CBC-B5BB-D1D8D0763045}"
EndProject
Project("{FAE04EC0-301F-11D3-BF4B-00C04F79EFBC}") = "AwasthiSM.Mongo.DatabaseFactory", "AwasthiSM.Mongo.DatabaseFactory\AwasthiSM.Mongo.DatabaseFactory.csproj", "{EEE1F303-A819-4FE7-BE5C-C41AFB92856A}"
EndProject
Project("{FAE04EC0-301F-11D3-BF4B-00C04F79EFBC}") = "AwasthiSM.Domain.Service", "AwasthiSM.Domain.Service\AwasthiSM.Domain.Service.csproj", "{116609DA-A3AF-4ADE-B73F-11808CFA6224}"
EndProject
Project("{FAE04EC0-301F-11D3-BF4B-00C04F79EFBC}") = "AwasthiSM.ServiceBus", "AwasthiSM.ServiceBus\AwasthiSM.ServiceBus.csproj", "{6629E6F6-0FB1-45CE-9BDF-EBD1A82FB1E7}"
EndProject
Project("{FAE04EC0-301F-11D3-BF4B-00C04F79EFBC}") = "AwasthiSM.Data.Persistence", "AwasthiSM.Data.Persistence\AwasthiSM.Data.Persistence.csproj", "{06FAE328-35FB-46A0-90A9-4F1587314E57}"
EndProject
Project("{FAE04EC0-301F-11D3-BF4B-00C04F79EFBC}") = "AwasthiSM.MassTransit.Consumer", "AwasthiSM.MassTransit.Consumer.cs\AwasthiSM.MassTransit.Consumer.csproj", "{705B4353-48E6-4755-B779-E4D19B2752E7}"
EndProject
Project("{FAE04EC0-301F-11D3-BF4B-00C04F79EFBC}") = "AwasthiSM.MassTransit.Client", "AwasthiSM.MassTransit.Client\AwasthiSM.MassTransit.Client.csproj", "{253894FE-B23E-43C7-A99B-6CCB40832C8F}"
EndProject
Global
	GlobalSection(SolutionConfigurationPlatforms) = preSolution
		Debug|Any CPU = Debug|Any CPU
		Debug|x64 = Debug|x64
		Release|Any CPU = Release|Any CPU
		Release|x64 = Release|x64
	EndGlobalSection
	GlobalSection(ProjectConfigurationPlatforms) = postSolution
		{51DF2C58-2E0F-4CEA-80A0-7A19BAE5EA4B}.Debug|Any CPU.ActiveCfg = Debug|x64
		{51DF2C58-2E0F-4CEA-80A0-7A19BAE5EA4B}.Debug|x64.ActiveCfg = Debug|x64
		{51DF2C58-2E0F-4CEA-80A0-7A19BAE5EA4B}.Debug|x64.Build.0 = Debug|x64
		{51DF2C58-2E0F-4CEA-80A0-7A19BAE5EA4B}.Debug|x64.Deploy.0 = Debug|x64
		{51DF2C58-2E0F-4CEA-80A0-7A19BAE5EA4B}.Release|Any CPU.ActiveCfg = Release|x64
		{51DF2C58-2E0F-4CEA-80A0-7A19BAE5EA4B}.Release|x64.ActiveCfg = Release|x64
		{51DF2C58-2E0F-4CEA-80A0-7A19BAE5EA4B}.Release|x64.Build.0 = Release|x64
		{51DF2C58-2E0F-4CEA-80A0-7A19BAE5EA4B}.Release|x64.Deploy.0 = Release|x64
		{E6C7EC56-BB98-439D-9920-890FF50FB35E}.Debug|Any CPU.ActiveCfg = Debug|Any CPU
		{E6C7EC56-BB98-439D-9920-890FF50FB35E}.Debug|Any CPU.Build.0 = Debug|Any CPU
		{E6C7EC56-BB98-439D-9920-890FF50FB35E}.Debug|x64.ActiveCfg = Debug|Any CPU
		{E6C7EC56-BB98-439D-9920-890FF50FB35E}.Debug|x64.Build.0 = Debug|Any CPU
		{E6C7EC56-BB98-439D-9920-890FF50FB35E}.Release|Any CPU.ActiveCfg = Release|Any CPU
		{E6C7EC56-BB98-439D-9920-890FF50FB35E}.Release|Any CPU.Build.0 = Release|Any CPU
		{E6C7EC56-BB98-439D-9920-890FF50FB35E}.Release|x64.ActiveCfg = Release|Any CPU
		{E6C7EC56-BB98-439D-9920-890FF50FB35E}.Release|x64.Build.0 = Release|Any CPU
		{955FD94A-BBC1-4469-889A-740FB98338DE}.Debug|Any CPU.ActiveCfg = Debug|Any CPU
		{955FD94A-BBC1-4469-889A-740FB98338DE}.Debug|Any CPU.Build.0 = Debug|Any CPU
		{955FD94A-BBC1-4469-889A-740FB98338DE}.Debug|x64.ActiveCfg = Debug|Any CPU
		{955FD94A-BBC1-4469-889A-740FB98338DE}.Debug|x64.Build.0 = Debug|Any CPU
		{955FD94A-BBC1-4469-889A-740FB98338DE}.Release|Any CPU.ActiveCfg = Release|Any CPU
		{955FD94A-BBC1-4469-889A-740FB98338DE}.Release|Any CPU.Build.0 = Release|Any CPU
		{955FD94A-BBC1-4469-889A-740FB98338DE}.Release|x64.ActiveCfg = Release|Any CPU
		{955FD94A-BBC1-4469-889A-740FB98338DE}.Release|x64.Build.0 = Release|Any CPU
		{A8C4FE5A-398A-4A42-B7E4-A9294455F820}.Debug|Any CPU.ActiveCfg = Debug|Any CPU
		{A8C4FE5A-398A-4A42-B7E4-A9294455F820}.Debug|Any CPU.Build.0 = Debug|Any CPU
		{A8C4FE5A-398A-4A42-B7E4-A9294455F820}.Debug|x64.ActiveCfg = Debug|Any CPU
		{A8C4FE5A-398A-4A42-B7E4-A9294455F820}.Debug|x64.Build.0 = Debug|Any CPU
		{A8C4FE5A-398A-4A42-B7E4-A9294455F820}.Release|Any CPU.ActiveCfg = Release|Any CPU
		{A8C4FE5A-398A-4A42-B7E4-A9294455F820}.Release|Any CPU.Build.0 = Release|Any CPU
		{A8C4FE5A-398A-4A42-B7E4-A9294455F820}.Release|x64.ActiveCfg = Release|Any CPU
		{A8C4FE5A-398A-4A42-B7E4-A9294455F820}.Release|x64.Build.0 = Release|Any CPU
		{863F5DAE-EDBE-4C7F-ADDF-530BAC5EDAEB}.Debug|Any CPU.ActiveCfg = Debug|Any CPU
		{863F5DAE-EDBE-4C7F-ADDF-530BAC5EDAEB}.Debug|Any CPU.Build.0 = Debug|Any CPU
		{863F5DAE-EDBE-4C7F-ADDF-530BAC5EDAEB}.Debug|x64.ActiveCfg = Debug|Any CPU
		{863F5DAE-EDBE-4C7F-ADDF-530BAC5EDAEB}.Debug|x64.Build.0 = Debug|Any CPU
		{863F5DAE-EDBE-4C7F-ADDF-530BAC5EDAEB}.Release|Any CPU.ActiveCfg = Release|Any CPU
		{863F5DAE-EDBE-4C7F-ADDF-530BAC5EDAEB}.Release|Any CPU.Build.0 = Release|Any CPU
		{863F5DAE-EDBE-4C7F-ADDF-530BAC5EDAEB}.Release|x64.ActiveCfg = Release|Any CPU
		{863F5DAE-EDBE-4C7F-ADDF-530BAC5EDAEB}.Release|x64.Build.0 = Release|Any CPU
		{EA56C90C-307C-4C53-B7BB-9C4A6658BCC4}.Debug|Any CPU.ActiveCfg = Debug|Any CPU
		{EA56C90C-307C-4C53-B7BB-9C4A6658BCC4}.Debug|Any CPU.Build.0 = Debug|Any CPU
		{EA56C90C-307C-4C53-B7BB-9C4A6658BCC4}.Debug|x64.ActiveCfg = Debug|Any CPU
		{EA56C90C-307C-4C53-B7BB-9C4A6658BCC4}.Debug|x64.Build.0 = Debug|Any CPU
		{EA56C90C-307C-4C53-B7BB-9C4A6658BCC4}.Release|Any CPU.ActiveCfg = Release|Any CPU
		{EA56C90C-307C-4C53-B7BB-9C4A6658BCC4}.Release|Any CPU.Build.0 = Release|Any CPU
		{EA56C90C-307C-4C53-B7BB-9C4A6658BCC4}.Release|x64.ActiveCfg = Release|Any CPU
		{EA56C90C-307C-4C53-B7BB-9C4A6658BCC4}.Release|x64.Build.0 = Release|Any CPU
		{B40A848B-6708-45A6-8353-CCE9623FB7D3}.Debug|Any CPU.ActiveCfg = Debug|Any CPU
		{B40A848B-6708-45A6-8353-CCE9623FB7D3}.Debug|Any CPU.Build.0 = Debug|Any CPU
		{B40A848B-6708-45A6-8353-CCE9623FB7D3}.Debug|x64.ActiveCfg = Debug|Any CPU
		{B40A848B-6708-45A6-8353-CCE9623FB7D3}.Debug|x64.Build.0 = Debug|Any CPU
		{B40A848B-6708-45A6-8353-CCE9623FB7D3}.Release|Any CPU.ActiveCfg = Release|Any CPU
		{B40A848B-6708-45A6-8353-CCE9623FB7D3}.Release|Any CPU.Build.0 = Release|Any CPU
		{B40A848B-6708-45A6-8353-CCE9623FB7D3}.Release|x64.ActiveCfg = Release|Any CPU
		{B40A848B-6708-45A6-8353-CCE9623FB7D3}.Release|x64.Build.0 = Release|Any CPU
		{520233DA-F1FA-4CBC-B5BB-D1D8D0763045}.Debug|Any CPU.ActiveCfg = Debug|Any CPU
		{520233DA-F1FA-4CBC-B5BB-D1D8D0763045}.Debug|Any CPU.Build.0 = Debug|Any CPU
		{520233DA-F1FA-4CBC-B5BB-D1D8D0763045}.Debug|x64.ActiveCfg = Debug|Any CPU
		{520233DA-F1FA-4CBC-B5BB-D1D8D0763045}.Debug|x64.Build.0 = Debug|Any CPU
		{520233DA-F1FA-4CBC-B5BB-D1D8D0763045}.Release|Any CPU.ActiveCfg = Release|Any CPU
		{520233DA-F1FA-4CBC-B5BB-D1D8D0763045}.Release|Any CPU.Build.0 = Release|Any CPU
		{520233DA-F1FA-4CBC-B5BB-D1D8D0763045}.Release|x64.ActiveCfg = Release|Any CPU
		{520233DA-F1FA-4CBC-B5BB-D1D8D0763045}.Release|x64.Build.0 = Release|Any CPU
		{EEE1F303-A819-4FE7-BE5C-C41AFB92856A}.Debug|Any CPU.ActiveCfg = Debug|Any CPU
		{EEE1F303-A819-4FE7-BE5C-C41AFB92856A}.Debug|Any CPU.Build.0 = Debug|Any CPU
		{EEE1F303-A819-4FE7-BE5C-C41AFB92856A}.Debug|x64.ActiveCfg = Debug|Any CPU
		{EEE1F303-A819-4FE7-BE5C-C41AFB92856A}.Debug|x64.Build.0 = Debug|Any CPU
		{EEE1F303-A819-4FE7-BE5C-C41AFB92856A}.Release|Any CPU.ActiveCfg = Release|Any CPU
		{EEE1F303-A819-4FE7-BE5C-C41AFB92856A}.Release|Any CPU.Build.0 = Release|Any CPU
		{EEE1F303-A819-4FE7-BE5C-C41AFB92856A}.Release|x64.ActiveCfg = Release|Any CPU
		{EEE1F303-A819-4FE7-BE5C-C41AFB92856A}.Release|x64.Build.0 = Release|Any CPU
		{116609DA-A3AF-4ADE-B73F-11808CFA6224}.Debug|Any CPU.ActiveCfg = Debug|Any CPU
		{116609DA-A3AF-4ADE-B73F-11808CFA6224}.Debug|Any CPU.Build.0 = Debug|Any CPU
		{116609DA-A3AF-4ADE-B73F-11808CFA6224}.Debug|x64.ActiveCfg = Debug|Any CPU
		{116609DA-A3AF-4ADE-B73F-11808CFA6224}.Debug|x64.Build.0 = Debug|Any CPU
		{116609DA-A3AF-4ADE-B73F-11808CFA6224}.Release|Any CPU.ActiveCfg = Release|Any CPU
		{116609DA-A3AF-4ADE-B73F-11808CFA6224}.Release|Any CPU.Build.0 = Release|Any CPU
		{116609DA-A3AF-4ADE-B73F-11808CFA6224}.Release|x64.ActiveCfg = Release|Any CPU
		{116609DA-A3AF-4ADE-B73F-11808CFA6224}.Release|x64.Build.0 = Release|Any CPU
		{6629E6F6-0FB1-45CE-9BDF-EBD1A82FB1E7}.Debug|Any CPU.ActiveCfg = Debug|Any CPU
		{6629E6F6-0FB1-45CE-9BDF-EBD1A82FB1E7}.Debug|Any CPU.Build.0 = Debug|Any CPU
		{6629E6F6-0FB1-45CE-9BDF-EBD1A82FB1E7}.Debug|x64.ActiveCfg = Debug|Any CPU
		{6629E6F6-0FB1-45CE-9BDF-EBD1A82FB1E7}.Debug|x64.Build.0 = Debug|Any CPU
		{6629E6F6-0FB1-45CE-9BDF-EBD1A82FB1E7}.Release|Any CPU.ActiveCfg = Release|Any CPU
		{6629E6F6-0FB1-45CE-9BDF-EBD1A82FB1E7}.Release|Any CPU.Build.0 = Release|Any CPU
		{6629E6F6-0FB1-45CE-9BDF-EBD1A82FB1E7}.Release|x64.ActiveCfg = Release|Any CPU
		{6629E6F6-0FB1-45CE-9BDF-EBD1A82FB1E7}.Release|x64.Build.0 = Release|Any CPU
		{06FAE328-35FB-46A0-90A9-4F1587314E57}.Debug|Any CPU.ActiveCfg = Debug|Any CPU
		{06FAE328-35FB-46A0-90A9-4F1587314E57}.Debug|Any CPU.Build.0 = Debug|Any CPU
		{06FAE328-35FB-46A0-90A9-4F1587314E57}.Debug|x64.ActiveCfg = Debug|Any CPU
		{06FAE328-35FB-46A0-90A9-4F1587314E57}.Debug|x64.Build.0 = Debug|Any CPU
		{06FAE328-35FB-46A0-90A9-4F1587314E57}.Release|Any CPU.ActiveCfg = Release|Any CPU
		{06FAE328-35FB-46A0-90A9-4F1587314E57}.Release|Any CPU.Build.0 = Release|Any CPU
		{06FAE328-35FB-46A0-90A9-4F1587314E57}.Release|x64.ActiveCfg = Release|Any CPU
		{06FAE328-35FB-46A0-90A9-4F1587314E57}.Release|x64.Build.0 = Release|Any CPU
		{705B4353-48E6-4755-B779-E4D19B2752E7}.Debug|Any CPU.ActiveCfg = Debug|Any CPU
		{705B4353-48E6-4755-B779-E4D19B2752E7}.Debug|Any CPU.Build.0 = Debug|Any CPU
		{705B4353-48E6-4755-B779-E4D19B2752E7}.Debug|x64.ActiveCfg = Debug|Any CPU
		{705B4353-48E6-4755-B779-E4D19B2752E7}.Debug|x64.Build.0 = Debug|Any CPU
		{705B4353-48E6-4755-B779-E4D19B2752E7}.Release|Any CPU.ActiveCfg = Release|Any CPU
		{705B4353-48E6-4755-B779-E4D19B2752E7}.Release|Any CPU.Build.0 = Release|Any CPU
		{705B4353-48E6-4755-B779-E4D19B2752E7}.Release|x64.ActiveCfg = Release|Any CPU
		{705B4353-48E6-4755-B779-E4D19B2752E7}.Release|x64.Build.0 = Release|Any CPU
		{253894FE-B23E-43C7-A99B-6CCB40832C8F}.Debug|Any CPU.ActiveCfg = Debug|Any CPU
		{253894FE-B23E-43C7-A99B-6CCB40832C8F}.Debug|Any CPU.Build.0 = Debug|Any CPU
		{253894FE-B23E-43C7-A99B-6CCB40832C8F}.Debug|x64.ActiveCfg = Debug|Any CPU
		{253894FE-B23E-43C7-A99B-6CCB40832C8F}.Debug|x64.Build.0 = Debug|Any CPU
		{253894FE-B23E-43C7-A99B-6CCB40832C8F}.Release|Any CPU.ActiveCfg = Release|Any CPU
		{253894FE-B23E-43C7-A99B-6CCB40832C8F}.Release|Any CPU.Build.0 = Release|Any CPU
		{253894FE-B23E-43C7-A99B-6CCB40832C8F}.Release|x64.ActiveCfg = Release|Any CPU
		{253894FE-B23E-43C7-A99B-6CCB40832C8F}.Release|x64.Build.0 = Release|Any CPU
	EndGlobalSection
	GlobalSection(SolutionProperties) = preSolution
		HideSolutionNode = FALSE
	EndGlobalSection
	GlobalSection(NestedProjects) = preSolution
		{955FD94A-BBC1-4469-889A-740FB98338DE} = {26B6C6EE-1E63-4991-8C9B-A92A19B55B94}
		{A8C4FE5A-398A-4A42-B7E4-A9294455F820} = {26B6C6EE-1E63-4991-8C9B-A92A19B55B94}
		{863F5DAE-EDBE-4C7F-ADDF-530BAC5EDAEB} = {26B6C6EE-1E63-4991-8C9B-A92A19B55B94}
		{EA56C90C-307C-4C53-B7BB-9C4A6658BCC4} = {26B6C6EE-1E63-4991-8C9B-A92A19B55B94}
		{B40A848B-6708-45A6-8353-CCE9623FB7D3} = {26B6C6EE-1E63-4991-8C9B-A92A19B55B94}
		{520233DA-F1FA-4CBC-B5BB-D1D8D0763045} = {26B6C6EE-1E63-4991-8C9B-A92A19B55B94}
		{EEE1F303-A819-4FE7-BE5C-C41AFB92856A} = {26B6C6EE-1E63-4991-8C9B-A92A19B55B94}
		{116609DA-A3AF-4ADE-B73F-11808CFA6224} = {26B6C6EE-1E63-4991-8C9B-A92A19B55B94}
		{6629E6F6-0FB1-45CE-9BDF-EBD1A82FB1E7} = {26B6C6EE-1E63-4991-8C9B-A92A19B55B94}
		{06FAE328-35FB-46A0-90A9-4F1587314E57} = {26B6C6EE-1E63-4991-8C9B-A92A19B55B94}
		{705B4353-48E6-4755-B779-E4D19B2752E7} = {26B6C6EE-1E63-4991-8C9B-A92A19B55B94}
		{253894FE-B23E-43C7-A99B-6CCB40832C8F} = {26B6C6EE-1E63-4991-8C9B-A92A19B55B94}
	EndGlobalSection
EndGlobal
